{
  "dependencies": {
    "moment": {
      "version": "2.12.0",
      "resolved": "https://registry.npmjs.org/moment/-/moment-2.12.0.tgz",
      "from": "https://registry.npmjs.org/moment/-/moment-2.12.0.tgz"
    },
    "moment-timezone": {
      "version": "0.5.3",
      "resolved": "https://registry.npmjs.org/moment-timezone/-/moment-timezone-0.5.3.tgz",
      "from": "https://registry.npmjs.org/moment-timezone/-/moment-timezone-0.5.3.tgz"
    },
    "twix": {
      "version": "0.9.0",
      "resolved": "https://registry.npmjs.org/twix/-/twix-0.9.0.tgz",
      "from": "twix@0.9.0"
    }
  }
}
